
Microsoft Visual Studio Solution File, Format Version 12.00
# Visual Studio Version 17
VisualStudioVersion = 17.5.33516.290
MinimumVisualStudioVersion = 10.0.40219.1
Project("{FAE04EC0-301F-11D3-BF4B-00C04F79EFBC}") = "iKuaiGFWListExport", "iKuaiGFWListExport\iKuaiGFWListExport.csproj", "{BFCE43DD-0B01-45CE-ADF6-5E76ED883AF7}"
EndProject
Global
	GlobalSection(SolutionConfigurationPlatforms) = preSolution
		Debug|Any CPU = Debug|Any CPU
		Release|Any CPU = Release|Any CPU
	EndGlobalSection
	GlobalSection(ProjectConfigurationPlatforms) = postSolution
		{BFCE43DD-0B01-45CE-ADF6-5E76ED883AF7}.Debug|Any CPU.ActiveCfg = Debug|Any CPU
		{BFCE43DD-0B01-45CE-ADF6-5E76ED883AF7}.Debug|Any CPU.Build.0 = Debug|Any CPU
		{BFCE43DD-0B01-45CE-ADF6-5E76ED883AF7}.Release|Any CPU.ActiveCfg = Release|Any CPU
		{BFCE43DD-0B01-45CE-ADF6-5E76ED883AF7}.Release|Any CPU.Build.0 = Release|Any CPU
	EndGlobalSection
	GlobalSection(SolutionProperties) = preSolution
		HideSolutionNode = FALSE
	EndGlobalSection
	GlobalSection(ExtensibilityGlobals) = postSolution
		SolutionGuid = {11C64AB9-82C6-4D34-B7A2-8E2A096FEC97}
	EndGlobalSection
EndGlobal
